
Microsoft Visual Studio Solution File, Format Version 12.00
# Visual Studio Version 17
VisualStudioVersion = 17.6.33815.320
MinimumVisualStudioVersion = 10.0.40219.1
Project("{FAE04EC0-301F-11D3-BF4B-00C04F79EFBC}") = "Phase3FormSubmit", "Phase3FormSubmit\Phase3FormSubmit.csproj", "{F1D10BCC-77E5-4A00-B591-D34734DD1F16}"
EndProject
Global
	GlobalSection(SolutionConfigurationPlatforms) = preSolution
		Debug|Any CPU = Debug|Any CPU
		Release|Any CPU = Release|Any CPU
	EndGlobalSection
	GlobalSection(ProjectConfigurationPlatforms) = postSolution
		{F1D10BCC-77E5-4A00-B591-D34734DD1F16}.Debug|Any CPU.ActiveCfg = Debug|Any CPU
		{F1D10BCC-77E5-4A00-B591-D34734DD1F16}.Debug|Any CPU.Build.0 = Debug|Any CPU
		{F1D10BCC-77E5-4A00-B591-D34734DD1F16}.Release|Any CPU.ActiveCfg = Release|Any CPU
		{F1D10BCC-77E5-4A00-B591-D34734DD1F16}.Release|Any CPU.Build.0 = Release|Any CPU
	EndGlobalSection
	GlobalSection(SolutionProperties) = preSolution
		HideSolutionNode = FALSE
	EndGlobalSection
	GlobalSection(ExtensibilityGlobals) = postSolution
		SolutionGuid = {D2EC5A22-AD26-48FC-BFD0-D7A689BEDD01}
	EndGlobalSection
EndGlobal
